
Microsoft Visual Studio Solution File, Format Version 12.00
# Visual Studio Version 17
VisualStudioVersion = 17.12.35527.113 d17.12
MinimumVisualStudioVersion = 10.0.40219.1
Project("{FAE04EC0-301F-11D3-BF4B-00C04F79EFBC}") = "ProcessoManipulacaoArquivos", "ProcessoManipulacaoArquivos\ProcessoManipulacaoArquivos.csproj", "{7D056F4E-DB5B-4761-ABC5-89F6A8BF49C6}"
EndProject
Project("{FAE04EC0-301F-11D3-BF4B-00C04F79EFBC}") = "TesteProcessoManipulacaoArquivos", "TesteProcessoManipulacaoArquivos\TesteProcessoManipulacaoArquivos.csproj", "{4F321875-229C-4C87-9BE3-FD393DC081D2}"
EndProject
Global
	GlobalSection(SolutionConfigurationPlatforms) = preSolution
		Debug|Any CPU = Debug|Any CPU
		Release|Any CPU = Release|Any CPU
	EndGlobalSection
	GlobalSection(ProjectConfigurationPlatforms) = postSolution
		{7D056F4E-DB5B-4761-ABC5-89F6A8BF49C6}.Debug|Any CPU.ActiveCfg = Debug|Any CPU
		{7D056F4E-DB5B-4761-ABC5-89F6A8BF49C6}.Debug|Any CPU.Build.0 = Debug|Any CPU
		{7D056F4E-DB5B-4761-ABC5-89F6A8BF49C6}.Release|Any CPU.ActiveCfg = Release|Any CPU
		{7D056F4E-DB5B-4761-ABC5-89F6A8BF49C6}.Release|Any CPU.Build.0 = Release|Any CPU
		{4F321875-229C-4C87-9BE3-FD393DC081D2}.Debug|Any CPU.ActiveCfg = Debug|Any CPU
		{4F321875-229C-4C87-9BE3-FD393DC081D2}.Debug|Any CPU.Build.0 = Debug|Any CPU
		{4F321875-229C-4C87-9BE3-FD393DC081D2}.Release|Any CPU.ActiveCfg = Release|Any CPU
		{4F321875-229C-4C87-9BE3-FD393DC081D2}.Release|Any CPU.Build.0 = Release|Any CPU
	EndGlobalSection
	GlobalSection(SolutionProperties) = preSolution
		HideSolutionNode = FALSE
	EndGlobalSection
EndGlobal
